/projects/pangen/analysis/hmac/applications/Griffin/test/results/PAN21/PAN21.uncorrected.coverage.tsv
/projects/pangen/analysis/hmac/applications/Griffin/test/results/PAN21/PAN21.GC_corrected.coverage.tsv
tmp/PAN21/tmp_pybedtools2
/projects/pangen/analysis/hmac/applications/Griffin/test/results/PAN21_WBC/PAN21_WBC.uncorrected.coverage.tsv
/projects/pangen/analysis/hmac/applications/Griffin/test/results/PAN21_WBC/PAN21_WBC.GC_corrected.coverage.tsv
tmp/PAN21_WBC/tmp_pybedtools2
/projects/pangen/analysis/hmac/applications/Griffin/test/results/PAN27/PAN27.uncorrected.coverage.tsv
/projects/pangen/analysis/hmac/applications/Griffin/test/results/PAN27/PAN27.GC_corrected.coverage.tsv
tmp/PAN27/tmp_pybedtools2
/projects/pangen/analysis/hmac/applications/Griffin/test/results/PAN27_WBC/PAN27_WBC.uncorrected.coverage.tsv
/projects/pangen/analysis/hmac/applications/Griffin/test/results/PAN27_WBC/PAN27_WBC.GC_corrected.coverage.tsv
tmp/PAN27_WBC/tmp_pybedtools2
/projects/pangen/analysis/hmac/applications/Griffin/test/results/plots/ACTB.pdf
/projects/pangen/analysis/hmac/applications/Griffin/test/results/plots/GAPDH_1.pdf
/projects/pangen/analysis/hmac/applications/Griffin/test/results/plots/GAPDH_2.pdf
/projects/pangen/analysis/hmac/applications/Griffin/test/results/plots/RPLP0.pdf
/projects/pangen/analysis/hmac/applications/Griffin/test/results/plots/housekeeping.pdf
tmp/PAN21/tmp_bigWig/PAN21.uncorrected.bw
tmp/PAN21/tmp_bigWig/PAN21.GC_corrected.bw
tmp/PAN21/tmp_pybedtools
tmp/PAN21_WBC/tmp_bigWig/PAN21_WBC.uncorrected.bw
tmp/PAN21_WBC/tmp_bigWig/PAN21_WBC.GC_corrected.bw
tmp/PAN21_WBC/tmp_pybedtools
tmp/PAN27/tmp_bigWig/PAN27.uncorrected.bw
tmp/PAN27/tmp_bigWig/PAN27.GC_corrected.bw
tmp/PAN27/tmp_pybedtools
tmp/PAN27_WBC/tmp_bigWig/PAN27_WBC.uncorrected.bw
tmp/PAN27_WBC/tmp_bigWig/PAN27_WBC.GC_corrected.bw
tmp/PAN27_WBC/tmp_pybedtools
