/projects/pangen/analysis/hmac/applications/Griffin/snakemakes/griffin_nucleosome_profiling/results/POG1145/POG1145.uncorrected.coverage.tsv
/projects/pangen/analysis/hmac/applications/Griffin/snakemakes/griffin_nucleosome_profiling/results/POG1145/POG1145.GC_corrected.coverage.tsv
tmp/POG1145/tmp_pybedtools2
/projects/pangen/analysis/hmac/applications/Griffin/snakemakes/griffin_nucleosome_profiling/results/POG793/POG793.uncorrected.coverage.tsv
/projects/pangen/analysis/hmac/applications/Griffin/snakemakes/griffin_nucleosome_profiling/results/POG793/POG793.GC_corrected.coverage.tsv
tmp/POG793/tmp_pybedtools2
/projects/pangen/analysis/hmac/applications/Griffin/snakemakes/griffin_nucleosome_profiling/results/PAN103/PAN103.uncorrected.coverage.tsv
/projects/pangen/analysis/hmac/applications/Griffin/snakemakes/griffin_nucleosome_profiling/results/PAN103/PAN103.GC_corrected.coverage.tsv
tmp/PAN103/tmp_pybedtools2
/projects/pangen/analysis/hmac/applications/Griffin/snakemakes/griffin_nucleosome_profiling/results/POG1009/POG1009.uncorrected.coverage.tsv
/projects/pangen/analysis/hmac/applications/Griffin/snakemakes/griffin_nucleosome_profiling/results/POG1009/POG1009.GC_corrected.coverage.tsv
tmp/POG1009/tmp_pybedtools2
/projects/pangen/analysis/hmac/applications/Griffin/snakemakes/griffin_nucleosome_profiling/results/PAN061/PAN061.uncorrected.coverage.tsv
/projects/pangen/analysis/hmac/applications/Griffin/snakemakes/griffin_nucleosome_profiling/results/PAN061/PAN061.GC_corrected.coverage.tsv
tmp/PAN061/tmp_pybedtools2
/projects/pangen/analysis/hmac/applications/Griffin/snakemakes/griffin_nucleosome_profiling/results/PAN076/PAN076.uncorrected.coverage.tsv
/projects/pangen/analysis/hmac/applications/Griffin/snakemakes/griffin_nucleosome_profiling/results/PAN076/PAN076.GC_corrected.coverage.tsv
tmp/PAN076/tmp_pybedtools2
/projects/pangen/analysis/hmac/applications/Griffin/snakemakes/griffin_nucleosome_profiling/results/POG1057/POG1057.uncorrected.coverage.tsv
/projects/pangen/analysis/hmac/applications/Griffin/snakemakes/griffin_nucleosome_profiling/results/POG1057/POG1057.GC_corrected.coverage.tsv
tmp/POG1057/tmp_pybedtools2
/projects/pangen/analysis/hmac/applications/Griffin/snakemakes/griffin_nucleosome_profiling/results/POG955/POG955.uncorrected.coverage.tsv
/projects/pangen/analysis/hmac/applications/Griffin/snakemakes/griffin_nucleosome_profiling/results/POG955/POG955.GC_corrected.coverage.tsv
tmp/POG955/tmp_pybedtools2
/projects/pangen/analysis/hmac/applications/Griffin/snakemakes/griffin_nucleosome_profiling/results/POG1020/POG1020.uncorrected.coverage.tsv
/projects/pangen/analysis/hmac/applications/Griffin/snakemakes/griffin_nucleosome_profiling/results/POG1020/POG1020.GC_corrected.coverage.tsv
tmp/POG1020/tmp_pybedtools2
/projects/pangen/analysis/hmac/applications/Griffin/snakemakes/griffin_nucleosome_profiling/results/POG1651/POG1651.uncorrected.coverage.tsv
/projects/pangen/analysis/hmac/applications/Griffin/snakemakes/griffin_nucleosome_profiling/results/POG1651/POG1651.GC_corrected.coverage.tsv
tmp/POG1651/tmp_pybedtools2
/projects/pangen/analysis/hmac/applications/Griffin/snakemakes/griffin_nucleosome_profiling/results/POG1764/POG1764.uncorrected.coverage.tsv
/projects/pangen/analysis/hmac/applications/Griffin/snakemakes/griffin_nucleosome_profiling/results/POG1764/POG1764.GC_corrected.coverage.tsv
tmp/POG1764/tmp_pybedtools2
/projects/pangen/analysis/hmac/applications/Griffin/snakemakes/griffin_nucleosome_profiling/results/POG1135/POG1135.uncorrected.coverage.tsv
/projects/pangen/analysis/hmac/applications/Griffin/snakemakes/griffin_nucleosome_profiling/results/POG1135/POG1135.GC_corrected.coverage.tsv
tmp/POG1135/tmp_pybedtools2
/projects/pangen/analysis/hmac/applications/Griffin/snakemakes/griffin_nucleosome_profiling/results/PAN090/PAN090.uncorrected.coverage.tsv
/projects/pangen/analysis/hmac/applications/Griffin/snakemakes/griffin_nucleosome_profiling/results/PAN090/PAN090.GC_corrected.coverage.tsv
tmp/PAN090/tmp_pybedtools2
/projects/pangen/analysis/hmac/applications/Griffin/snakemakes/griffin_nucleosome_profiling/results/POG1126/POG1126.uncorrected.coverage.tsv
/projects/pangen/analysis/hmac/applications/Griffin/snakemakes/griffin_nucleosome_profiling/results/POG1126/POG1126.GC_corrected.coverage.tsv
tmp/POG1126/tmp_pybedtools2
/projects/pangen/analysis/hmac/applications/Griffin/snakemakes/griffin_nucleosome_profiling/results/PAN081/PAN081.uncorrected.coverage.tsv
/projects/pangen/analysis/hmac/applications/Griffin/snakemakes/griffin_nucleosome_profiling/results/PAN081/PAN081.GC_corrected.coverage.tsv
tmp/PAN081/tmp_pybedtools2
/projects/pangen/analysis/hmac/applications/Griffin/snakemakes/griffin_nucleosome_profiling/results/POG1093/POG1093.uncorrected.coverage.tsv
/projects/pangen/analysis/hmac/applications/Griffin/snakemakes/griffin_nucleosome_profiling/results/POG1093/POG1093.GC_corrected.coverage.tsv
tmp/POG1093/tmp_pybedtools2
/projects/pangen/analysis/hmac/applications/Griffin/snakemakes/griffin_nucleosome_profiling/results/POG966/POG966.uncorrected.coverage.tsv
/projects/pangen/analysis/hmac/applications/Griffin/snakemakes/griffin_nucleosome_profiling/results/POG966/POG966.GC_corrected.coverage.tsv
tmp/POG966/tmp_pybedtools2
/projects/pangen/analysis/hmac/applications/Griffin/snakemakes/griffin_nucleosome_profiling/results/POG1000/POG1000.uncorrected.coverage.tsv
/projects/pangen/analysis/hmac/applications/Griffin/snakemakes/griffin_nucleosome_profiling/results/POG1000/POG1000.GC_corrected.coverage.tsv
tmp/POG1000/tmp_pybedtools2
/projects/pangen/analysis/hmac/applications/Griffin/snakemakes/griffin_nucleosome_profiling/results/POG878/POG878.uncorrected.coverage.tsv
/projects/pangen/analysis/hmac/applications/Griffin/snakemakes/griffin_nucleosome_profiling/results/POG878/POG878.GC_corrected.coverage.tsv
tmp/POG878/tmp_pybedtools2
/projects/pangen/analysis/hmac/applications/Griffin/snakemakes/griffin_nucleosome_profiling/results/PAN054/PAN054.uncorrected.coverage.tsv
/projects/pangen/analysis/hmac/applications/Griffin/snakemakes/griffin_nucleosome_profiling/results/PAN054/PAN054.GC_corrected.coverage.tsv
tmp/PAN054/tmp_pybedtools2
/projects/pangen/analysis/hmac/applications/Griffin/snakemakes/griffin_nucleosome_profiling/results/POG949/POG949.uncorrected.coverage.tsv
/projects/pangen/analysis/hmac/applications/Griffin/snakemakes/griffin_nucleosome_profiling/results/POG949/POG949.GC_corrected.coverage.tsv
tmp/POG949/tmp_pybedtools2
/projects/pangen/analysis/hmac/applications/Griffin/snakemakes/griffin_nucleosome_profiling/results/POG1049/POG1049.uncorrected.coverage.tsv
/projects/pangen/analysis/hmac/applications/Griffin/snakemakes/griffin_nucleosome_profiling/results/POG1049/POG1049.GC_corrected.coverage.tsv
tmp/POG1049/tmp_pybedtools2
/projects/pangen/analysis/hmac/applications/Griffin/snakemakes/griffin_nucleosome_profiling/results/POG1011/POG1011.uncorrected.coverage.tsv
/projects/pangen/analysis/hmac/applications/Griffin/snakemakes/griffin_nucleosome_profiling/results/POG1011/POG1011.GC_corrected.coverage.tsv
tmp/POG1011/tmp_pybedtools2
/projects/pangen/analysis/hmac/applications/Griffin/snakemakes/griffin_nucleosome_profiling/results/POG1804/POG1804.uncorrected.coverage.tsv
/projects/pangen/analysis/hmac/applications/Griffin/snakemakes/griffin_nucleosome_profiling/results/POG1804/POG1804.GC_corrected.coverage.tsv
tmp/POG1804/tmp_pybedtools2
/projects/pangen/analysis/hmac/applications/Griffin/snakemakes/griffin_nucleosome_profiling/results/POG1757/POG1757.uncorrected.coverage.tsv
/projects/pangen/analysis/hmac/applications/Griffin/snakemakes/griffin_nucleosome_profiling/results/POG1757/POG1757.GC_corrected.coverage.tsv
tmp/POG1757/tmp_pybedtools2
/projects/pangen/analysis/hmac/applications/Griffin/snakemakes/griffin_nucleosome_profiling/results/POG1391/POG1391.uncorrected.coverage.tsv
/projects/pangen/analysis/hmac/applications/Griffin/snakemakes/griffin_nucleosome_profiling/results/POG1391/POG1391.GC_corrected.coverage.tsv
tmp/POG1391/tmp_pybedtools2
/projects/pangen/analysis/hmac/applications/Griffin/snakemakes/griffin_nucleosome_profiling/results/POG1006/POG1006.uncorrected.coverage.tsv
/projects/pangen/analysis/hmac/applications/Griffin/snakemakes/griffin_nucleosome_profiling/results/POG1006/POG1006.GC_corrected.coverage.tsv
tmp/POG1006/tmp_pybedtools2
/projects/pangen/analysis/hmac/applications/Griffin/snakemakes/griffin_nucleosome_profiling/results/POG1199/POG1199.uncorrected.coverage.tsv
/projects/pangen/analysis/hmac/applications/Griffin/snakemakes/griffin_nucleosome_profiling/results/POG1199/POG1199.GC_corrected.coverage.tsv
tmp/POG1199/tmp_pybedtools2
/projects/pangen/analysis/hmac/applications/Griffin/snakemakes/griffin_nucleosome_profiling/results/POG1725/POG1725.uncorrected.coverage.tsv
/projects/pangen/analysis/hmac/applications/Griffin/snakemakes/griffin_nucleosome_profiling/results/POG1725/POG1725.GC_corrected.coverage.tsv
tmp/POG1725/tmp_pybedtools2
/projects/pangen/analysis/hmac/applications/Griffin/snakemakes/griffin_nucleosome_profiling/results/PAN044/PAN044.uncorrected.coverage.tsv
/projects/pangen/analysis/hmac/applications/Griffin/snakemakes/griffin_nucleosome_profiling/results/PAN044/PAN044.GC_corrected.coverage.tsv
tmp/PAN044/tmp_pybedtools2
/projects/pangen/analysis/hmac/applications/Griffin/snakemakes/griffin_nucleosome_profiling/results/POG1279/POG1279.uncorrected.coverage.tsv
/projects/pangen/analysis/hmac/applications/Griffin/snakemakes/griffin_nucleosome_profiling/results/POG1279/POG1279.GC_corrected.coverage.tsv
tmp/POG1279/tmp_pybedtools2
/projects/pangen/analysis/hmac/applications/Griffin/snakemakes/griffin_nucleosome_profiling/results/PAN047/PAN047.uncorrected.coverage.tsv
/projects/pangen/analysis/hmac/applications/Griffin/snakemakes/griffin_nucleosome_profiling/results/PAN047/PAN047.GC_corrected.coverage.tsv
tmp/PAN047/tmp_pybedtools2
/projects/pangen/analysis/hmac/applications/Griffin/snakemakes/griffin_nucleosome_profiling/results/POG914/POG914.uncorrected.coverage.tsv
/projects/pangen/analysis/hmac/applications/Griffin/snakemakes/griffin_nucleosome_profiling/results/POG914/POG914.GC_corrected.coverage.tsv
tmp/POG914/tmp_pybedtools2
/projects/pangen/analysis/hmac/applications/Griffin/snakemakes/griffin_nucleosome_profiling/results/PAN106/PAN106.uncorrected.coverage.tsv
/projects/pangen/analysis/hmac/applications/Griffin/snakemakes/griffin_nucleosome_profiling/results/PAN106/PAN106.GC_corrected.coverage.tsv
tmp/PAN106/tmp_pybedtools2
/projects/pangen/analysis/hmac/applications/Griffin/snakemakes/griffin_nucleosome_profiling/results/PAN067/PAN067.uncorrected.coverage.tsv
/projects/pangen/analysis/hmac/applications/Griffin/snakemakes/griffin_nucleosome_profiling/results/PAN067/PAN067.GC_corrected.coverage.tsv
tmp/PAN067/tmp_pybedtools2
/projects/pangen/analysis/hmac/applications/Griffin/snakemakes/griffin_nucleosome_profiling/results/POG1099/POG1099.uncorrected.coverage.tsv
/projects/pangen/analysis/hmac/applications/Griffin/snakemakes/griffin_nucleosome_profiling/results/POG1099/POG1099.GC_corrected.coverage.tsv
tmp/POG1099/tmp_pybedtools2
/projects/pangen/analysis/hmac/applications/Griffin/snakemakes/griffin_nucleosome_profiling/results/POG811/POG811.uncorrected.coverage.tsv
/projects/pangen/analysis/hmac/applications/Griffin/snakemakes/griffin_nucleosome_profiling/results/POG811/POG811.GC_corrected.coverage.tsv
tmp/POG811/tmp_pybedtools2
/projects/pangen/analysis/hmac/applications/Griffin/snakemakes/griffin_nucleosome_profiling/results/POG1008/POG1008.uncorrected.coverage.tsv
/projects/pangen/analysis/hmac/applications/Griffin/snakemakes/griffin_nucleosome_profiling/results/POG1008/POG1008.GC_corrected.coverage.tsv
tmp/POG1008/tmp_pybedtools2
/projects/pangen/analysis/hmac/applications/Griffin/snakemakes/griffin_nucleosome_profiling/results/POG1083/POG1083.uncorrected.coverage.tsv
/projects/pangen/analysis/hmac/applications/Griffin/snakemakes/griffin_nucleosome_profiling/results/POG1083/POG1083.GC_corrected.coverage.tsv
tmp/POG1083/tmp_pybedtools2
/projects/pangen/analysis/hmac/applications/Griffin/snakemakes/griffin_nucleosome_profiling/results/POG1132/POG1132.uncorrected.coverage.tsv
/projects/pangen/analysis/hmac/applications/Griffin/snakemakes/griffin_nucleosome_profiling/results/POG1132/POG1132.GC_corrected.coverage.tsv
tmp/POG1132/tmp_pybedtools2
/projects/pangen/analysis/hmac/applications/Griffin/snakemakes/griffin_nucleosome_profiling/results/POG969/POG969.uncorrected.coverage.tsv
/projects/pangen/analysis/hmac/applications/Griffin/snakemakes/griffin_nucleosome_profiling/results/POG969/POG969.GC_corrected.coverage.tsv
tmp/POG969/tmp_pybedtools2
/projects/pangen/analysis/hmac/applications/Griffin/snakemakes/griffin_nucleosome_profiling/results/POG710/POG710.uncorrected.coverage.tsv
/projects/pangen/analysis/hmac/applications/Griffin/snakemakes/griffin_nucleosome_profiling/results/POG710/POG710.GC_corrected.coverage.tsv
tmp/POG710/tmp_pybedtools2
/projects/pangen/analysis/hmac/applications/Griffin/snakemakes/griffin_nucleosome_profiling/results/PAN074/PAN074.uncorrected.coverage.tsv
/projects/pangen/analysis/hmac/applications/Griffin/snakemakes/griffin_nucleosome_profiling/results/PAN074/PAN074.GC_corrected.coverage.tsv
tmp/PAN074/tmp_pybedtools2
/projects/pangen/analysis/hmac/applications/Griffin/snakemakes/griffin_nucleosome_profiling/results/POG1272/POG1272.uncorrected.coverage.tsv
/projects/pangen/analysis/hmac/applications/Griffin/snakemakes/griffin_nucleosome_profiling/results/POG1272/POG1272.GC_corrected.coverage.tsv
tmp/POG1272/tmp_pybedtools2
/projects/pangen/analysis/hmac/applications/Griffin/snakemakes/griffin_nucleosome_profiling/results/POG1018/POG1018.uncorrected.coverage.tsv
/projects/pangen/analysis/hmac/applications/Griffin/snakemakes/griffin_nucleosome_profiling/results/POG1018/POG1018.GC_corrected.coverage.tsv
tmp/POG1018/tmp_pybedtools2
/projects/pangen/analysis/hmac/applications/Griffin/snakemakes/griffin_nucleosome_profiling/results/POG920/POG920.uncorrected.coverage.tsv
/projects/pangen/analysis/hmac/applications/Griffin/snakemakes/griffin_nucleosome_profiling/results/POG920/POG920.GC_corrected.coverage.tsv
tmp/POG920/tmp_pybedtools2
/projects/pangen/analysis/hmac/applications/Griffin/snakemakes/griffin_nucleosome_profiling/results/POG1136/POG1136.uncorrected.coverage.tsv
/projects/pangen/analysis/hmac/applications/Griffin/snakemakes/griffin_nucleosome_profiling/results/POG1136/POG1136.GC_corrected.coverage.tsv
tmp/POG1136/tmp_pybedtools2
/projects/pangen/analysis/hmac/applications/Griffin/snakemakes/griffin_nucleosome_profiling/results/PAN069/PAN069.uncorrected.coverage.tsv
/projects/pangen/analysis/hmac/applications/Griffin/snakemakes/griffin_nucleosome_profiling/results/PAN069/PAN069.GC_corrected.coverage.tsv
tmp/PAN069/tmp_pybedtools2
/projects/pangen/analysis/hmac/applications/Griffin/snakemakes/griffin_nucleosome_profiling/results/POG1067/POG1067.uncorrected.coverage.tsv
/projects/pangen/analysis/hmac/applications/Griffin/snakemakes/griffin_nucleosome_profiling/results/POG1067/POG1067.GC_corrected.coverage.tsv
tmp/POG1067/tmp_pybedtools2
/projects/pangen/analysis/hmac/applications/Griffin/snakemakes/griffin_nucleosome_profiling/results/POG1096/POG1096.uncorrected.coverage.tsv
/projects/pangen/analysis/hmac/applications/Griffin/snakemakes/griffin_nucleosome_profiling/results/POG1096/POG1096.GC_corrected.coverage.tsv
tmp/POG1096/tmp_pybedtools2
/projects/pangen/analysis/hmac/applications/Griffin/snakemakes/griffin_nucleosome_profiling/results/POG1003/POG1003.uncorrected.coverage.tsv
/projects/pangen/analysis/hmac/applications/Griffin/snakemakes/griffin_nucleosome_profiling/results/POG1003/POG1003.GC_corrected.coverage.tsv
tmp/POG1003/tmp_pybedtools2
/projects/pangen/analysis/hmac/applications/Griffin/snakemakes/griffin_nucleosome_profiling/results/PAN042/PAN042.uncorrected.coverage.tsv
/projects/pangen/analysis/hmac/applications/Griffin/snakemakes/griffin_nucleosome_profiling/results/PAN042/PAN042.GC_corrected.coverage.tsv
tmp/PAN042/tmp_pybedtools2
/projects/pangen/analysis/hmac/applications/Griffin/snakemakes/griffin_nucleosome_profiling/results/POG2046/POG2046.uncorrected.coverage.tsv
/projects/pangen/analysis/hmac/applications/Griffin/snakemakes/griffin_nucleosome_profiling/results/POG2046/POG2046.GC_corrected.coverage.tsv
tmp/POG2046/tmp_pybedtools2
/projects/pangen/analysis/hmac/applications/Griffin/snakemakes/griffin_nucleosome_profiling/results/POG2015/POG2015.uncorrected.coverage.tsv
/projects/pangen/analysis/hmac/applications/Griffin/snakemakes/griffin_nucleosome_profiling/results/POG2015/POG2015.GC_corrected.coverage.tsv
tmp/POG2015/tmp_pybedtools2
/projects/pangen/analysis/hmac/applications/Griffin/snakemakes/griffin_nucleosome_profiling/results/POG2048/POG2048.uncorrected.coverage.tsv
/projects/pangen/analysis/hmac/applications/Griffin/snakemakes/griffin_nucleosome_profiling/results/POG2048/POG2048.GC_corrected.coverage.tsv
tmp/POG2048/tmp_pybedtools2
/projects/pangen/analysis/hmac/applications/Griffin/snakemakes/griffin_nucleosome_profiling/results/POG1108/POG1108.uncorrected.coverage.tsv
/projects/pangen/analysis/hmac/applications/Griffin/snakemakes/griffin_nucleosome_profiling/results/POG1108/POG1108.GC_corrected.coverage.tsv
tmp/POG1108/tmp_pybedtools2
/projects/pangen/analysis/hmac/applications/Griffin/snakemakes/griffin_nucleosome_profiling/results/POG1801/POG1801.uncorrected.coverage.tsv
/projects/pangen/analysis/hmac/applications/Griffin/snakemakes/griffin_nucleosome_profiling/results/POG1801/POG1801.GC_corrected.coverage.tsv
tmp/POG1801/tmp_pybedtools2
/projects/pangen/analysis/hmac/applications/Griffin/snakemakes/griffin_nucleosome_profiling/results/PAN115/PAN115.uncorrected.coverage.tsv
/projects/pangen/analysis/hmac/applications/Griffin/snakemakes/griffin_nucleosome_profiling/results/PAN115/PAN115.GC_corrected.coverage.tsv
tmp/PAN115/tmp_pybedtools2
/projects/pangen/analysis/hmac/applications/Griffin/snakemakes/griffin_nucleosome_profiling/results/POG1181/POG1181.uncorrected.coverage.tsv
/projects/pangen/analysis/hmac/applications/Griffin/snakemakes/griffin_nucleosome_profiling/results/POG1181/POG1181.GC_corrected.coverage.tsv
tmp/POG1181/tmp_pybedtools2
/projects/pangen/analysis/hmac/applications/Griffin/snakemakes/griffin_nucleosome_profiling/results/POG798/POG798.uncorrected.coverage.tsv
/projects/pangen/analysis/hmac/applications/Griffin/snakemakes/griffin_nucleosome_profiling/results/POG798/POG798.GC_corrected.coverage.tsv
tmp/POG798/tmp_pybedtools2
/projects/pangen/analysis/hmac/applications/Griffin/snakemakes/griffin_nucleosome_profiling/results/POG1151/POG1151.uncorrected.coverage.tsv
/projects/pangen/analysis/hmac/applications/Griffin/snakemakes/griffin_nucleosome_profiling/results/POG1151/POG1151.GC_corrected.coverage.tsv
tmp/POG1151/tmp_pybedtools2
/projects/pangen/analysis/hmac/applications/Griffin/snakemakes/griffin_nucleosome_profiling/results/PAN051/PAN051.uncorrected.coverage.tsv
/projects/pangen/analysis/hmac/applications/Griffin/snakemakes/griffin_nucleosome_profiling/results/PAN051/PAN051.GC_corrected.coverage.tsv
tmp/PAN051/tmp_pybedtools2
/projects/pangen/analysis/hmac/applications/Griffin/snakemakes/griffin_nucleosome_profiling/results/POG1131/POG1131.uncorrected.coverage.tsv
/projects/pangen/analysis/hmac/applications/Griffin/snakemakes/griffin_nucleosome_profiling/results/POG1131/POG1131.GC_corrected.coverage.tsv
tmp/POG1131/tmp_pybedtools2
/projects/pangen/analysis/hmac/applications/Griffin/snakemakes/griffin_nucleosome_profiling/results/POG1072/POG1072.uncorrected.coverage.tsv
/projects/pangen/analysis/hmac/applications/Griffin/snakemakes/griffin_nucleosome_profiling/results/POG1072/POG1072.GC_corrected.coverage.tsv
tmp/POG1072/tmp_pybedtools2
/projects/pangen/analysis/hmac/applications/Griffin/snakemakes/griffin_nucleosome_profiling/results/POG757/POG757.uncorrected.coverage.tsv
/projects/pangen/analysis/hmac/applications/Griffin/snakemakes/griffin_nucleosome_profiling/results/POG757/POG757.GC_corrected.coverage.tsv
tmp/POG757/tmp_pybedtools2
/projects/pangen/analysis/hmac/applications/Griffin/snakemakes/griffin_nucleosome_profiling/results/POG1129/POG1129.uncorrected.coverage.tsv
/projects/pangen/analysis/hmac/applications/Griffin/snakemakes/griffin_nucleosome_profiling/results/POG1129/POG1129.GC_corrected.coverage.tsv
tmp/POG1129/tmp_pybedtools2
/projects/pangen/analysis/hmac/applications/Griffin/snakemakes/griffin_nucleosome_profiling/results/POG1146/POG1146.uncorrected.coverage.tsv
/projects/pangen/analysis/hmac/applications/Griffin/snakemakes/griffin_nucleosome_profiling/results/POG1146/POG1146.GC_corrected.coverage.tsv
tmp/POG1146/tmp_pybedtools2
/projects/pangen/analysis/hmac/applications/Griffin/snakemakes/griffin_nucleosome_profiling/results/POG1071/POG1071.uncorrected.coverage.tsv
/projects/pangen/analysis/hmac/applications/Griffin/snakemakes/griffin_nucleosome_profiling/results/POG1071/POG1071.GC_corrected.coverage.tsv
tmp/POG1071/tmp_pybedtools2
/projects/pangen/analysis/hmac/applications/Griffin/snakemakes/griffin_nucleosome_profiling/results/POG998/POG998.uncorrected.coverage.tsv
/projects/pangen/analysis/hmac/applications/Griffin/snakemakes/griffin_nucleosome_profiling/results/POG998/POG998.GC_corrected.coverage.tsv
tmp/POG998/tmp_pybedtools2
/projects/pangen/analysis/hmac/applications/Griffin/snakemakes/griffin_nucleosome_profiling/results/PAN097/PAN097.uncorrected.coverage.tsv
/projects/pangen/analysis/hmac/applications/Griffin/snakemakes/griffin_nucleosome_profiling/results/PAN097/PAN097.GC_corrected.coverage.tsv
tmp/PAN097/tmp_pybedtools2
/projects/pangen/analysis/hmac/applications/Griffin/snakemakes/griffin_nucleosome_profiling/results/POG1195/POG1195.uncorrected.coverage.tsv
/projects/pangen/analysis/hmac/applications/Griffin/snakemakes/griffin_nucleosome_profiling/results/POG1195/POG1195.GC_corrected.coverage.tsv
tmp/POG1195/tmp_pybedtools2
/projects/pangen/analysis/hmac/applications/Griffin/snakemakes/griffin_nucleosome_profiling/results/POG1156/POG1156.uncorrected.coverage.tsv
/projects/pangen/analysis/hmac/applications/Griffin/snakemakes/griffin_nucleosome_profiling/results/POG1156/POG1156.GC_corrected.coverage.tsv
tmp/POG1156/tmp_pybedtools2
/projects/pangen/analysis/hmac/applications/Griffin/snakemakes/griffin_nucleosome_profiling/results/POG1291/POG1291.uncorrected.coverage.tsv
/projects/pangen/analysis/hmac/applications/Griffin/snakemakes/griffin_nucleosome_profiling/results/POG1291/POG1291.GC_corrected.coverage.tsv
tmp/POG1291/tmp_pybedtools2
/projects/pangen/analysis/hmac/applications/Griffin/snakemakes/griffin_nucleosome_profiling/results/POG1713/POG1713.uncorrected.coverage.tsv
/projects/pangen/analysis/hmac/applications/Griffin/snakemakes/griffin_nucleosome_profiling/results/POG1713/POG1713.GC_corrected.coverage.tsv
tmp/POG1713/tmp_pybedtools2
/projects/pangen/analysis/hmac/applications/Griffin/snakemakes/griffin_nucleosome_profiling/results/POG1147/POG1147.uncorrected.coverage.tsv
/projects/pangen/analysis/hmac/applications/Griffin/snakemakes/griffin_nucleosome_profiling/results/POG1147/POG1147.GC_corrected.coverage.tsv
tmp/POG1147/tmp_pybedtools2
/projects/pangen/analysis/hmac/applications/Griffin/snakemakes/griffin_nucleosome_profiling/results/plots/LEMD1.pdf
/projects/pangen/analysis/hmac/applications/Griffin/snakemakes/griffin_nucleosome_profiling/results/plots/SLC2A1.pdf
/projects/pangen/analysis/hmac/applications/Griffin/snakemakes/griffin_nucleosome_profiling/results/plots/SPRR3.pdf
/projects/pangen/analysis/hmac/applications/Griffin/snakemakes/griffin_nucleosome_profiling/results/plots/SPRR1B.pdf
/projects/pangen/analysis/hmac/applications/Griffin/snakemakes/griffin_nucleosome_profiling/results/plots/S100A2.pdf
/projects/pangen/analysis/hmac/applications/Griffin/snakemakes/griffin_nucleosome_profiling/results/plots/DHRS9_1.pdf
/projects/pangen/analysis/hmac/applications/Griffin/snakemakes/griffin_nucleosome_profiling/results/plots/DHRS9_2.pdf
/projects/pangen/analysis/hmac/applications/Griffin/snakemakes/griffin_nucleosome_profiling/results/plots/DHRS9_3.pdf
/projects/pangen/analysis/hmac/applications/Griffin/snakemakes/griffin_nucleosome_profiling/results/plots/DHRS9_4.pdf
/projects/pangen/analysis/hmac/applications/Griffin/snakemakes/griffin_nucleosome_profiling/results/plots/GPR87.pdf
/projects/pangen/analysis/hmac/applications/Griffin/snakemakes/griffin_nucleosome_profiling/results/plots/AREG.pdf
/projects/pangen/analysis/hmac/applications/Griffin/snakemakes/griffin_nucleosome_profiling/results/plots/FGFBP1.pdf
/projects/pangen/analysis/hmac/applications/Griffin/snakemakes/griffin_nucleosome_profiling/results/plots/FAM83A_1.pdf
/projects/pangen/analysis/hmac/applications/Griffin/snakemakes/griffin_nucleosome_profiling/results/plots/FAM83A_2.pdf
/projects/pangen/analysis/hmac/applications/Griffin/snakemakes/griffin_nucleosome_profiling/results/plots/FAM83A_3.pdf
/projects/pangen/analysis/hmac/applications/Griffin/snakemakes/griffin_nucleosome_profiling/results/plots/FAM83A_4.pdf
/projects/pangen/analysis/hmac/applications/Griffin/snakemakes/griffin_nucleosome_profiling/results/plots/LY6D.pdf
/projects/pangen/analysis/hmac/applications/Griffin/snakemakes/griffin_nucleosome_profiling/results/plots/CTSV.pdf
/projects/pangen/analysis/hmac/applications/Griffin/snakemakes/griffin_nucleosome_profiling/results/plots/VGLL1.pdf
/projects/pangen/analysis/hmac/applications/Griffin/snakemakes/griffin_nucleosome_profiling/results/plots/ANXA8L1.pdf
/projects/pangen/analysis/hmac/applications/Griffin/snakemakes/griffin_nucleosome_profiling/results/plots/CST6.pdf
/projects/pangen/analysis/hmac/applications/Griffin/snakemakes/griffin_nucleosome_profiling/results/plots/KRT7_1.pdf
/projects/pangen/analysis/hmac/applications/Griffin/snakemakes/griffin_nucleosome_profiling/results/plots/KRT7_2.pdf
/projects/pangen/analysis/hmac/applications/Griffin/snakemakes/griffin_nucleosome_profiling/results/plots/KRT6C.pdf
/projects/pangen/analysis/hmac/applications/Griffin/snakemakes/griffin_nucleosome_profiling/results/plots/KRT6A.pdf
/projects/pangen/analysis/hmac/applications/Griffin/snakemakes/griffin_nucleosome_profiling/results/plots/SCEL.pdf
/projects/pangen/analysis/hmac/applications/Griffin/snakemakes/griffin_nucleosome_profiling/results/plots/TNS4_1.pdf
/projects/pangen/analysis/hmac/applications/Griffin/snakemakes/griffin_nucleosome_profiling/results/plots/TNS4_2.pdf
/projects/pangen/analysis/hmac/applications/Griffin/snakemakes/griffin_nucleosome_profiling/results/plots/TNS4_3.pdf
/projects/pangen/analysis/hmac/applications/Griffin/snakemakes/griffin_nucleosome_profiling/results/plots/KRT15_1.pdf
/projects/pangen/analysis/hmac/applications/Griffin/snakemakes/griffin_nucleosome_profiling/results/plots/KRT15_2.pdf
/projects/pangen/analysis/hmac/applications/Griffin/snakemakes/griffin_nucleosome_profiling/results/plots/KRT17.pdf
/projects/pangen/analysis/hmac/applications/Griffin/snakemakes/griffin_nucleosome_profiling/results/plots/SERPINB4.pdf
/projects/pangen/analysis/hmac/applications/Griffin/snakemakes/griffin_nucleosome_profiling/results/plots/SERPINB3.pdf
/projects/pangen/analysis/hmac/applications/Griffin/snakemakes/griffin_nucleosome_profiling/results/plots/UCA1.pdf
/projects/pangen/analysis/hmac/applications/Griffin/snakemakes/griffin_nucleosome_profiling/results/plots/basal.pdf
